
Microsoft Visual Studio Solution File, Format Version 12.00
# Visual Studio Version 17
VisualStudioVersion = 17.13.35818.85
MinimumVisualStudioVersion = 10.0.40219.1
Project("{FAE04EC0-301F-11D3-BF4B-00C04F79EFBC}") = "DXF2NC", "WinFormsApp1\DXF2NC.csproj", "{B0BA498C-EB53-4327-9E7C-192E6BDFD3BF}"
EndProject
Global
	GlobalSection(SolutionConfigurationPlatforms) = preSolution
		Debug|Any CPU = Debug|Any CPU
		Release|Any CPU = Release|Any CPU
	EndGlobalSection
	GlobalSection(ProjectConfigurationPlatforms) = postSolution
		{B0BA498C-EB53-4327-9E7C-192E6BDFD3BF}.Debug|Any CPU.ActiveCfg = Debug|Any CPU
		{B0BA498C-EB53-4327-9E7C-192E6BDFD3BF}.Debug|Any CPU.Build.0 = Debug|Any CPU
		{B0BA498C-EB53-4327-9E7C-192E6BDFD3BF}.Release|Any CPU.ActiveCfg = Release|Any CPU
		{B0BA498C-EB53-4327-9E7C-192E6BDFD3BF}.Release|Any CPU.Build.0 = Release|Any CPU
	EndGlobalSection
	GlobalSection(SolutionProperties) = preSolution
		HideSolutionNode = FALSE
	EndGlobalSection
	GlobalSection(ExtensibilityGlobals) = postSolution
		SolutionGuid = {D83A14D3-3AEE-4E9C-842A-AB9253DD8628}
	EndGlobalSection
EndGlobal
